// !$*UTF8*$!
{
	archiveVersion = 1;
	classes = {
	};
	objectVersion = 55;
	objects = {

/* Begin PBXBuildFile section */
		DF2D74B8283546CB007F441D /* FlightRecorder.xcdatamodeld in Sources */ = {isa = PBXBuildFile; fileRef = DF2D74B6283546CB007F441D /* FlightRecorder.xcdatamodeld */; };
		DF475FF3283C3B1700F046A5 /* Pilot.swift in Sources */ = {isa = PBXBuildFile; fileRef = DF475FF2283C3B1700F046A5 /* Pilot.swift */; };
		DF475FF5283C3C9E00F046A5 /* FlyingObject.swift in Sources */ = {isa = PBXBuildFile; fileRef = DF475FF4283C3C9D00F046A5 /* FlyingObject.swift */; };
		DF5DC66F2835436E00ABD8DB /* FlightRecorderApp.swift in Sources */ = {isa = PBXBuildFile; fileRef = DF5DC66E2835436E00ABD8DB /* FlightRecorderApp.swift */; };
		DF5DC6712835436E00ABD8DB /* PilotsView.swift in Sources */ = {isa = PBXBuildFile; fileRef = DF5DC6702835436E00ABD8DB /* PilotsView.swift */; };
		DF5DC6732835437000ABD8DB /* Assets.xcassets in Resources */ = {isa = PBXBuildFile; fileRef = DF5DC6722835437000ABD8DB /* Assets.xcassets */; };
		DF5DC6762835437000ABD8DB /* Preview Assets.xcassets in Resources */ = {isa = PBXBuildFile; fileRef = DF5DC6752835437000ABD8DB /* Preview Assets.xcassets */; };
		DF5DC6782835437000ABD8DB /* Persistence.swift in Sources */ = {isa = PBXBuildFile; fileRef = DF5DC6772835437000ABD8DB /* Persistence.swift */; };
		DF5DC6852835437000ABD8DB /* FlightRecorderTests.swift in Sources */ = {isa = PBXBuildFile; fileRef = DF5DC6842835437000ABD8DB /* FlightRecorderTests.swift */; };
		DF917FB52837A270003AA319 /* FlyingObjectView.swift in Sources */ = {isa = PBXBuildFile; fileRef = DF917FB42837A270003AA319 /* FlyingObjectView.swift */; };
		DFB01688283AE5CF0002DB49 /* LocationView.swift in Sources */ = {isa = PBXBuildFile; fileRef = DFB01687283AE5CF0002DB49 /* LocationView.swift */; };
		DFFB4E6928378EE600038FAE /* OnboardingStateView.swift in Sources */ = {isa = PBXBuildFile; fileRef = DFFB4E6828378EE600038FAE /* OnboardingStateView.swift */; };
		DFFB4E6D2837931C00038FAE /* OnboardingState.swift in Sources */ = {isa = PBXBuildFile; fileRef = DFFB4E6C2837931C00038FAE /* OnboardingState.swift */; };
		DFFE038D28362BB500AA35F8 /* IntroView.swift in Sources */ = {isa = PBXBuildFile; fileRef = DFFE038C28362BB500AA35F8 /* IntroView.swift */; };
		DFFE03942836376E00AA35F8 /* PilotView.swift in Sources */ = {isa = PBXBuildFile; fileRef = DFFE03932836376E00AA35F8 /* PilotView.swift */; };
		DFFE039628363AB100AA35F8 /* OnboardingContainerView.swift in Sources */ = {isa = PBXBuildFile; fileRef = DFFE039528363AB100AA35F8 /* OnboardingContainerView.swift */; };
/* End PBXBuildFile section */

/* Begin PBXContainerItemProxy section */
		DF5DC6812835437000ABD8DB /* PBXContainerItemProxy */ = {
			isa = PBXContainerItemProxy;
			containerPortal = DF5DC6632835436E00ABD8DB /* Project object */;
			proxyType = 1;
			remoteGlobalIDString = DF5DC66A2835436E00ABD8DB;
			remoteInfo = FlightRecorder;
		};
/* End PBXContainerItemProxy section */

/* Begin PBXFileReference section */
		DF2D74B7283546CB007F441D /* FlightLogbook.xcdatamodel */ = {isa = PBXFileReference; lastKnownFileType = wrapper.xcdatamodel; path = FlightLogbook.xcdatamodel; sourceTree = "<group>"; };
		DF475FF2283C3B1700F046A5 /* Pilot.swift */ = {isa = PBXFileReference; lastKnownFileType = sourcecode.swift; path = Pilot.swift; sourceTree = "<group>"; };
		DF475FF4283C3C9D00F046A5 /* FlyingObject.swift */ = {isa = PBXFileReference; lastKnownFileType = sourcecode.swift; path = FlyingObject.swift; sourceTree = "<group>"; };
		DF5DC66B2835436E00ABD8DB /* FlightRecorder.app */ = {isa = PBXFileReference; explicitFileType = wrapper.application; includeInIndex = 0; path = FlightRecorder.app; sourceTree = BUILT_PRODUCTS_DIR; };
		DF5DC66E2835436E00ABD8DB /* FlightRecorderApp.swift */ = {isa = PBXFileReference; lastKnownFileType = sourcecode.swift; path = FlightRecorderApp.swift; sourceTree = "<group>"; };
		DF5DC6702835436E00ABD8DB /* PilotsView.swift */ = {isa = PBXFileReference; lastKnownFileType = sourcecode.swift; path = PilotsView.swift; sourceTree = "<group>"; };
		DF5DC6722835437000ABD8DB /* Assets.xcassets */ = {isa = PBXFileReference; lastKnownFileType = folder.assetcatalog; path = Assets.xcassets; sourceTree = "<group>"; };
		DF5DC6752835437000ABD8DB /* Preview Assets.xcassets */ = {isa = PBXFileReference; lastKnownFileType = folder.assetcatalog; path = "Preview Assets.xcassets"; sourceTree = "<group>"; };
		DF5DC6772835437000ABD8DB /* Persistence.swift */ = {isa = PBXFileReference; lastKnownFileType = sourcecode.swift; path = Persistence.swift; sourceTree = "<group>"; };
		DF5DC6802835437000ABD8DB /* FlightRecorderTests.xctest */ = {isa = PBXFileReference; explicitFileType = wrapper.cfbundle; includeInIndex = 0; path = FlightRecorderTests.xctest; sourceTree = BUILT_PRODUCTS_DIR; };
		DF5DC6842835437000ABD8DB /* FlightRecorderTests.swift */ = {isa = PBXFileReference; lastKnownFileType = sourcecode.swift; path = FlightRecorderTests.swift; sourceTree = "<group>"; };
		DF917FB42837A270003AA319 /* FlyingObjectView.swift */ = {isa = PBXFileReference; lastKnownFileType = sourcecode.swift; path = FlyingObjectView.swift; sourceTree = "<group>"; };
		DFB01687283AE5CF0002DB49 /* LocationView.swift */ = {isa = PBXFileReference; lastKnownFileType = sourcecode.swift; path = LocationView.swift; sourceTree = "<group>"; };
		DFFB4E6828378EE600038FAE /* OnboardingStateView.swift */ = {isa = PBXFileReference; lastKnownFileType = sourcecode.swift; path = OnboardingStateView.swift; sourceTree = "<group>"; };
		DFFB4E6C2837931C00038FAE /* OnboardingState.swift */ = {isa = PBXFileReference; lastKnownFileType = sourcecode.swift; path = OnboardingState.swift; sourceTree = "<group>"; };
		DFFE038C28362BB500AA35F8 /* IntroView.swift */ = {isa = PBXFileReference; lastKnownFileType = sourcecode.swift; path = IntroView.swift; sourceTree = "<group>"; };
		DFFE03932836376E00AA35F8 /* PilotView.swift */ = {isa = PBXFileReference; lastKnownFileType = sourcecode.swift; path = PilotView.swift; sourceTree = "<group>"; };
		DFFE039528363AB100AA35F8 /* OnboardingContainerView.swift */ = {isa = PBXFileReference; lastKnownFileType = sourcecode.swift; path = OnboardingContainerView.swift; sourceTree = "<group>"; };
/* End PBXFileReference section */

/* Begin PBXFrameworksBuildPhase section */
		DF5DC6682835436E00ABD8DB /* Frameworks */ = {
			isa = PBXFrameworksBuildPhase;
			buildActionMask = 2147483647;
			files = (
			);
			runOnlyForDeploymentPostprocessing = 0;
		};
		DF5DC67D2835437000ABD8DB /* Frameworks */ = {
			isa = PBXFrameworksBuildPhase;
			buildActionMask = 2147483647;
			files = (
			);
			runOnlyForDeploymentPostprocessing = 0;
		};
/* End PBXFrameworksBuildPhase section */

/* Begin PBXGroup section */
		DF2D74B9283546F1007F441D /* Resources */ = {
			isa = PBXGroup;
			children = (
				DF5DC6742835437000ABD8DB /* Preview Content */,
				DF5DC6722835437000ABD8DB /* Assets.xcassets */,
				DF2D74B6283546CB007F441D /* FlightRecorder.xcdatamodeld */,
				DF5DC6772835437000ABD8DB /* Persistence.swift */,
			);
			path = Resources;
			sourceTree = "<group>";
		};
		DF2D74BA2835470F007F441D /* UI */ = {
			isa = PBXGroup;
			children = (
				DFFE03922836355700AA35F8 /* Onboarding */,
				DF5DC6702835436E00ABD8DB /* PilotsView.swift */,
			);
			path = UI;
			sourceTree = "<group>";
		};
		DF475FF1283C3B1000F046A5 /* Model */ = {
			isa = PBXGroup;
			children = (
				DF475FF4283C3C9D00F046A5 /* FlyingObject.swift */,
				DF475FF2283C3B1700F046A5 /* Pilot.swift */,
			);
			path = Model;
			sourceTree = "<group>";
		};
		DF5DC6622835436E00ABD8DB = {
			isa = PBXGroup;
			children = (
				DF5DC66D2835436E00ABD8DB /* FlightRecorder */,
				DF5DC6832835437000ABD8DB /* FlightRecorderTests */,
				DF5DC66C2835436E00ABD8DB /* Products */,
			);
			sourceTree = "<group>";
		};
		DF5DC66C2835436E00ABD8DB /* Products */ = {
			isa = PBXGroup;
			children = (
				DF5DC66B2835436E00ABD8DB /* FlightRecorder.app */,
				DF5DC6802835437000ABD8DB /* FlightRecorderTests.xctest */,
			);
			name = Products;
			sourceTree = "<group>";
		};
		DF5DC66D2835436E00ABD8DB /* FlightRecorder */ = {
			isa = PBXGroup;
			children = (
				DF475FF1283C3B1000F046A5 /* Model */,
				DF2D74B9283546F1007F441D /* Resources */,
				DF2D74BA2835470F007F441D /* UI */,
				DF5DC66E2835436E00ABD8DB /* FlightRecorderApp.swift */,
			);
			path = FlightRecorder;
			sourceTree = "<group>";
		};
		DF5DC6742835437000ABD8DB /* Preview Content */ = {
			isa = PBXGroup;
			children = (
				DF5DC6752835437000ABD8DB /* Preview Assets.xcassets */,
			);
			path = "Preview Content";
			sourceTree = "<group>";
		};
		DF5DC6832835437000ABD8DB /* FlightRecorderTests */ = {
			isa = PBXGroup;
			children = (
				DF5DC6842835437000ABD8DB /* FlightRecorderTests.swift */,
			);
			path = FlightRecorderTests;
			sourceTree = "<group>";
		};
		DFFB4E6A28378EF300038FAE /* Views */ = {
			isa = PBXGroup;
			children = (
				DFFB4E6828378EE600038FAE /* OnboardingStateView.swift */,
			);
			path = Views;
			sourceTree = "<group>";
		};
		DFFB4E6B2837930700038FAE /* States */ = {
			isa = PBXGroup;
			children = (
				DFFB4E6C2837931C00038FAE /* OnboardingState.swift */,
			);
			path = States;
			sourceTree = "<group>";
		};
		DFFE03922836355700AA35F8 /* Onboarding */ = {
			isa = PBXGroup;
			children = (
				DFFB4E6B2837930700038FAE /* States */,
				DFFB4E6A28378EF300038FAE /* Views */,
				DF917FB42837A270003AA319 /* FlyingObjectView.swift */,
				DFFE038C28362BB500AA35F8 /* IntroView.swift */,
				DFB01687283AE5CF0002DB49 /* LocationView.swift */,
				DFFE039528363AB100AA35F8 /* OnboardingContainerView.swift */,
				DFFE03932836376E00AA35F8 /* PilotView.swift */,
			);
			path = Onboarding;
			sourceTree = "<group>";
		};
/* End PBXGroup section */

/* Begin PBXNativeTarget section */
		DF5DC66A2835436E00ABD8DB /* FlightRecorder */ = {
			isa = PBXNativeTarget;
			buildConfigurationList = DF5DC6942835437000ABD8DB /* Build configuration list for PBXNativeTarget "FlightRecorder" */;
			buildPhases = (
				DF5DC6672835436E00ABD8DB /* Sources */,
				DF5DC6682835436E00ABD8DB /* Frameworks */,
				DF5DC6692835436E00ABD8DB /* Resources */,
			);
			buildRules = (
			);
			dependencies = (
			);
			name = FlightRecorder;
			productName = FlightRecorder;
			productReference = DF5DC66B2835436E00ABD8DB /* FlightRecorder.app */;
			productType = "com.apple.product-type.application";
		};
		DF5DC67F2835437000ABD8DB /* FlightRecorderTests */ = {
			isa = PBXNativeTarget;
			buildConfigurationList = DF5DC6972835437000ABD8DB /* Build configuration list for PBXNativeTarget "FlightRecorderTests" */;
			buildPhases = (
				DF5DC67C2835437000ABD8DB /* Sources */,
				DF5DC67D2835437000ABD8DB /* Frameworks */,
				DF5DC67E2835437000ABD8DB /* Resources */,
			);
			buildRules = (
			);
			dependencies = (
				DF5DC6822835437000ABD8DB /* PBXTargetDependency */,
			);
			name = FlightRecorderTests;
			productName = FlightRecorderTests;
			productReference = DF5DC6802835437000ABD8DB /* FlightRecorderTests.xctest */;
			productType = "com.apple.product-type.bundle.unit-test";
		};
/* End PBXNativeTarget section */

/* Begin PBXProject section */
		DF5DC6632835436E00ABD8DB /* Project object */ = {
			isa = PBXProject;
			attributes = {
				BuildIndependentTargetsInParallel = 1;
				LastSwiftUpdateCheck = 1340;
				LastUpgradeCheck = 1340;
				TargetAttributes = {
					DF5DC66A2835436E00ABD8DB = {
						CreatedOnToolsVersion = 13.4;
					};
					DF5DC67F2835437000ABD8DB = {
						CreatedOnToolsVersion = 13.4;
						TestTargetID = DF5DC66A2835436E00ABD8DB;
					};
				};
			};
			buildConfigurationList = DF5DC6662835436E00ABD8DB /* Build configuration list for PBXProject "FlightRecorder" */;
			compatibilityVersion = "Xcode 13.0";
			developmentRegion = en;
			hasScannedForEncodings = 0;
			knownRegions = (
				en,
				Base,
			);
			mainGroup = DF5DC6622835436E00ABD8DB;
			productRefGroup = DF5DC66C2835436E00ABD8DB /* Products */;
			projectDirPath = "";
			projectRoot = "";
			targets = (
				DF5DC66A2835436E00ABD8DB /* FlightRecorder */,
				DF5DC67F2835437000ABD8DB /* FlightRecorderTests */,
			);
		};
/* End PBXProject section */

/* Begin PBXResourcesBuildPhase section */
		DF5DC6692835436E00ABD8DB /* Resources */ = {
			isa = PBXResourcesBuildPhase;
			buildActionMask = 2147483647;
			files = (
				DF5DC6762835437000ABD8DB /* Preview Assets.xcassets in Resources */,
				DF5DC6732835437000ABD8DB /* Assets.xcassets in Resources */,
			);
			runOnlyForDeploymentPostprocessing = 0;
		};
		DF5DC67E2835437000ABD8DB /* Resources */ = {
			isa = PBXResourcesBuildPhase;
			buildActionMask = 2147483647;
			files = (
			);
			runOnlyForDeploymentPostprocessing = 0;
		};
/* End PBXResourcesBuildPhase section */

/* Begin PBXSourcesBuildPhase section */
		DF5DC6672835436E00ABD8DB /* Sources */ = {
			isa = PBXSourcesBuildPhase;
			buildActionMask = 2147483647;
			files = (
				DF5DC6782835437000ABD8DB /* Persistence.swift in Sources */,
				DF5DC6712835436E00ABD8DB /* PilotsView.swift in Sources */,
				DF475FF3283C3B1700F046A5 /* Pilot.swift in Sources */,
				DFFB4E6928378EE600038FAE /* OnboardingStateView.swift in Sources */,
				DFFB4E6D2837931C00038FAE /* OnboardingState.swift in Sources */,
				DFFE03942836376E00AA35F8 /* PilotView.swift in Sources */,
				DFFE039628363AB100AA35F8 /* OnboardingContainerView.swift in Sources */,
				DFB01688283AE5CF0002DB49 /* LocationView.swift in Sources */,
				DF5DC66F2835436E00ABD8DB /* FlightRecorderApp.swift in Sources */,
				DFFE038D28362BB500AA35F8 /* IntroView.swift in Sources */,
				DF917FB52837A270003AA319 /* FlyingObjectView.swift in Sources */,
				DF475FF5283C3C9E00F046A5 /* FlyingObject.swift in Sources */,
				DF2D74B8283546CB007F441D /* FlightRecorder.xcdatamodeld in Sources */,
			);
			runOnlyForDeploymentPostprocessing = 0;
		};
		DF5DC67C2835437000ABD8DB /* Sources */ = {
			isa = PBXSourcesBuildPhase;
			buildActionMask = 2147483647;
			files = (
				DF5DC6852835437000ABD8DB /* FlightRecorderTests.swift in Sources */,
			);
			runOnlyForDeploymentPostprocessing = 0;
		};
/* End PBXSourcesBuildPhase section */

/* Begin PBXTargetDependency section */
		DF5DC6822835437000ABD8DB /* PBXTargetDependency */ = {
			isa = PBXTargetDependency;
			target = DF5DC66A2835436E00ABD8DB /* FlightRecorder */;
			targetProxy = DF5DC6812835437000ABD8DB /* PBXContainerItemProxy */;
		};
/* End PBXTargetDependency section */

/* Begin XCBuildConfiguration section */
		DF5DC6922835437000ABD8DB /* Debug */ = {
			isa = XCBuildConfiguration;
			buildSettings = {
				ALWAYS_SEARCH_USER_PATHS = NO;
				CLANG_ANALYZER_NONNULL = YES;
				CLANG_ANALYZER_NUMBER_OBJECT_CONVERSION = YES_AGGRESSIVE;
				CLANG_CXX_LANGUAGE_STANDARD = "gnu++17";
				CLANG_ENABLE_MODULES = YES;
				CLANG_ENABLE_OBJC_ARC = YES;
				CLANG_ENABLE_OBJC_WEAK = YES;
				CLANG_WARN_BLOCK_CAPTURE_AUTORELEASING = YES;
				CLANG_WARN_BOOL_CONVERSION = YES;
				CLANG_WARN_COMMA = YES;
				CLANG_WARN_CONSTANT_CONVERSION = YES;
				CLANG_WARN_DEPRECATED_OBJC_IMPLEMENTATIONS = YES;
				CLANG_WARN_DIRECT_OBJC_ISA_USAGE = YES_ERROR;
				CLANG_WARN_DOCUMENTATION_COMMENTS = YES;
				CLANG_WARN_EMPTY_BODY = YES;
				CLANG_WARN_ENUM_CONVERSION = YES;
				CLANG_WARN_INFINITE_RECURSION = YES;
				CLANG_WARN_INT_CONVERSION = YES;
				CLANG_WARN_NON_LITERAL_NULL_CONVERSION = YES;
				CLANG_WARN_OBJC_IMPLICIT_RETAIN_SELF = YES;
				CLANG_WARN_OBJC_LITERAL_CONVERSION = YES;
				CLANG_WARN_OBJC_ROOT_CLASS = YES_ERROR;
				CLANG_WARN_QUOTED_INCLUDE_IN_FRAMEWORK_HEADER = YES;
				CLANG_WARN_RANGE_LOOP_ANALYSIS = YES;
				CLANG_WARN_STRICT_PROTOTYPES = YES;
				CLANG_WARN_SUSPICIOUS_MOVE = YES;
				CLANG_WARN_UNGUARDED_AVAILABILITY = YES_AGGRESSIVE;
				CLANG_WARN_UNREACHABLE_CODE = YES;
				CLANG_WARN__DUPLICATE_METHOD_MATCH = YES;
				COPY_PHASE_STRIP = NO;
				DEBUG_INFORMATION_FORMAT = dwarf;
				ENABLE_STRICT_OBJC_MSGSEND = YES;
				ENABLE_TESTABILITY = YES;
				GCC_C_LANGUAGE_STANDARD = gnu11;
				GCC_DYNAMIC_NO_PIC = NO;
				GCC_NO_COMMON_BLOCKS = YES;
				GCC_OPTIMIZATION_LEVEL = 0;
				GCC_PREPROCESSOR_DEFINITIONS = (
					"DEBUG=1",
					"$(inherited)",
				);
				GCC_WARN_64_TO_32_BIT_CONVERSION = YES;
				GCC_WARN_ABOUT_RETURN_TYPE = YES_ERROR;
				GCC_WARN_UNDECLARED_SELECTOR = YES;
				GCC_WARN_UNINITIALIZED_AUTOS = YES_AGGRESSIVE;
				GCC_WARN_UNUSED_FUNCTION = YES;
				GCC_WARN_UNUSED_VARIABLE = YES;
				IPHONEOS_DEPLOYMENT_TARGET = 15.5;
				MTL_ENABLE_DEBUG_INFO = INCLUDE_SOURCE;
				MTL_FAST_MATH = YES;
				ONLY_ACTIVE_ARCH = YES;
				SDKROOT = iphoneos;
				SWIFT_ACTIVE_COMPILATION_CONDITIONS = DEBUG;
				SWIFT_OPTIMIZATION_LEVEL = "-Onone";
			};
			name = Debug;
		};
		DF5DC6932835437000ABD8DB /* Release */ = {
			isa = XCBuildConfiguration;
			buildSettings = {
				ALWAYS_SEARCH_USER_PATHS = NO;
				CLANG_ANALYZER_NONNULL = YES;
				CLANG_ANALYZER_NUMBER_OBJECT_CONVERSION = YES_AGGRESSIVE;
				CLANG_CXX_LANGUAGE_STANDARD = "gnu++17";
				CLANG_ENABLE_MODULES = YES;
				CLANG_ENABLE_OBJC_ARC = YES;
				CLANG_ENABLE_OBJC_WEAK = YES;
				CLANG_WARN_BLOCK_CAPTURE_AUTORELEASING = YES;
				CLANG_WARN_BOOL_CONVERSION = YES;
				CLANG_WARN_COMMA = YES;
				CLANG_WARN_CONSTANT_CONVERSION = YES;
				CLANG_WARN_DEPRECATED_OBJC_IMPLEMENTATIONS = YES;
				CLANG_WARN_DIRECT_OBJC_ISA_USAGE = YES_ERROR;
				CLANG_WARN_DOCUMENTATION_COMMENTS = YES;
				CLANG_WARN_EMPTY_BODY = YES;
				CLANG_WARN_ENUM_CONVERSION = YES;
				CLANG_WARN_INFINITE_RECURSION = YES;
				CLANG_WARN_INT_CONVERSION = YES;
				CLANG_WARN_NON_LITERAL_NULL_CONVERSION = YES;
				CLANG_WARN_OBJC_IMPLICIT_RETAIN_SELF = YES;
				CLANG_WARN_OBJC_LITERAL_CONVERSION = YES;
				CLANG_WARN_OBJC_ROOT_CLASS = YES_ERROR;
				CLANG_WARN_QUOTED_INCLUDE_IN_FRAMEWORK_HEADER = YES;
				CLANG_WARN_RANGE_LOOP_ANALYSIS = YES;
				CLANG_WARN_STRICT_PROTOTYPES = YES;
				CLANG_WARN_SUSPICIOUS_MOVE = YES;
				CLANG_WARN_UNGUARDED_AVAILABILITY = YES_AGGRESSIVE;
				CLANG_WARN_UNREACHABLE_CODE = YES;
				CLANG_WARN__DUPLICATE_METHOD_MATCH = YES;
				COPY_PHASE_STRIP = NO;
				DEBUG_INFORMATION_FORMAT = "dwarf-with-dsym";
				ENABLE_NS_ASSERTIONS = NO;
				ENABLE_STRICT_OBJC_MSGSEND = YES;
				GCC_C_LANGUAGE_STANDARD = gnu11;
				GCC_NO_COMMON_BLOCKS = YES;
				GCC_WARN_64_TO_32_BIT_CONVERSION = YES;
				GCC_WARN_ABOUT_RETURN_TYPE = YES_ERROR;
				GCC_WARN_UNDECLARED_SELECTOR = YES;
				GCC_WARN_UNINITIALIZED_AUTOS = YES_AGGRESSIVE;
				GCC_WARN_UNUSED_FUNCTION = YES;
				GCC_WARN_UNUSED_VARIABLE = YES;
				IPHONEOS_DEPLOYMENT_TARGET = 15.5;
				MTL_ENABLE_DEBUG_INFO = NO;
				MTL_FAST_MATH = YES;
				SDKROOT = iphoneos;
				SWIFT_COMPILATION_MODE = wholemodule;
				SWIFT_OPTIMIZATION_LEVEL = "-O";
				VALIDATE_PRODUCT = YES;
			};
			name = Release;
		};
		DF5DC6952835437000ABD8DB /* Debug */ = {
			isa = XCBuildConfiguration;
			buildSettings = {
				ASSETCATALOG_COMPILER_APPICON_NAME = AppIcon;
				ASSETCATALOG_COMPILER_GLOBAL_ACCENT_COLOR_NAME = AccentColor;
				CODE_SIGN_STYLE = Automatic;
				CURRENT_PROJECT_VERSION = 1;
				DEVELOPMENT_ASSET_PATHS = "\"FlightRecorder/Resources/Preview Content\"";
				DEVELOPMENT_TEAM = N8P95HFNCS;
				ENABLE_PREVIEWS = YES;
				GENERATE_INFOPLIST_FILE = YES;
				INFOPLIST_KEY_UIApplicationSceneManifest_Generation = YES;
				INFOPLIST_KEY_UIApplicationSupportsIndirectInputEvents = YES;
				INFOPLIST_KEY_UILaunchScreen_Generation = YES;
				INFOPLIST_KEY_UISupportedInterfaceOrientations_iPad = "UIInterfaceOrientationPortrait UIInterfaceOrientationPortraitUpsideDown UIInterfaceOrientationLandscapeLeft UIInterfaceOrientationLandscapeRight";
				INFOPLIST_KEY_UISupportedInterfaceOrientations_iPhone = "UIInterfaceOrientationPortrait UIInterfaceOrientationLandscapeLeft UIInterfaceOrientationLandscapeRight";
				LD_RUNPATH_SEARCH_PATHS = (
					"$(inherited)",
					"@executable_path/Frameworks",
				);
				MARKETING_VERSION = 1.0;
				PRODUCT_BUNDLE_IDENTIFIER = "de.marcelkraus.flight-recorder";
				PRODUCT_NAME = "$(TARGET_NAME)";
				SWIFT_EMIT_LOC_STRINGS = YES;
				SWIFT_VERSION = 5.0;
				TARGETED_DEVICE_FAMILY = "1,2";
			};
			name = Debug;
		};
		DF5DC6962835437000ABD8DB /* Release */ = {
			isa = XCBuildConfiguration;
			buildSettings = {
				ASSETCATALOG_COMPILER_APPICON_NAME = AppIcon;
				ASSETCATALOG_COMPILER_GLOBAL_ACCENT_COLOR_NAME = AccentColor;
				CODE_SIGN_STYLE = Automatic;
				CURRENT_PROJECT_VERSION = 1;
				DEVELOPMENT_ASSET_PATHS = "\"FlightRecorder/Resources/Preview Content\"";
				DEVELOPMENT_TEAM = N8P95HFNCS;
				ENABLE_PREVIEWS = YES;
				GENERATE_INFOPLIST_FILE = YES;
				INFOPLIST_KEY_UIApplicationSceneManifest_Generation = YES;
				INFOPLIST_KEY_UIApplicationSupportsIndirectInputEvents = YES;
				INFOPLIST_KEY_UILaunchScreen_Generation = YES;
				INFOPLIST_KEY_UISupportedInterfaceOrientations_iPad = "UIInterfaceOrientationPortrait UIInterfaceOrientationPortraitUpsideDown UIInterfaceOrientationLandscapeLeft UIInterfaceOrientationLandscapeRight";
				INFOPLIST_KEY_UISupportedInterfaceOrientations_iPhone = "UIInterfaceOrientationPortrait UIInterfaceOrientationLandscapeLeft UIInterfaceOrientationLandscapeRight";
				LD_RUNPATH_SEARCH_PATHS = (
					"$(inherited)",
					"@executable_path/Frameworks",
				);
				MARKETING_VERSION = 1.0;
				PRODUCT_BUNDLE_IDENTIFIER = "de.marcelkraus.flight-recorder";
				PRODUCT_NAME = "$(TARGET_NAME)";
				SWIFT_EMIT_LOC_STRINGS = YES;
				SWIFT_VERSION = 5.0;
				TARGETED_DEVICE_FAMILY = "1,2";
			};
			name = Release;
		};
		DF5DC6982835437000ABD8DB /* Debug */ = {
			isa = XCBuildConfiguration;
			buildSettings = {
				ALWAYS_EMBED_SWIFT_STANDARD_LIBRARIES = YES;
				BUNDLE_LOADER = "$(TEST_HOST)";
				CODE_SIGN_STYLE = Automatic;
				CURRENT_PROJECT_VERSION = 1;
				DEVELOPMENT_TEAM = 2W2X67PNNY;
				GENERATE_INFOPLIST_FILE = YES;
				IPHONEOS_DEPLOYMENT_TARGET = 15.5;
				MARKETING_VERSION = 1.0;
				PRODUCT_BUNDLE_IDENTIFIER = de.marcelkraus.FlightRecorderTests;
				PRODUCT_NAME = "$(TARGET_NAME)";
				SWIFT_EMIT_LOC_STRINGS = NO;
				SWIFT_VERSION = 5.0;
				TARGETED_DEVICE_FAMILY = "1,2";
				TEST_HOST = "$(BUILT_PRODUCTS_DIR)/FlightRecorder.app/FlightRecorder";
			};
			name = Debug;
		};
		DF5DC6992835437000ABD8DB /* Release */ = {
			isa = XCBuildConfiguration;
			buildSettings = {
				ALWAYS_EMBED_SWIFT_STANDARD_LIBRARIES = YES;
				BUNDLE_LOADER = "$(TEST_HOST)";
				CODE_SIGN_STYLE = Automatic;
				CURRENT_PROJECT_VERSION = 1;
				DEVELOPMENT_TEAM = 2W2X67PNNY;
				GENERATE_INFOPLIST_FILE = YES;
				IPHONEOS_DEPLOYMENT_TARGET = 15.5;
				MARKETING_VERSION = 1.0;
				PRODUCT_BUNDLE_IDENTIFIER = de.marcelkraus.FlightRecorderTests;
				PRODUCT_NAME = "$(TARGET_NAME)";
				SWIFT_EMIT_LOC_STRINGS = NO;
				SWIFT_VERSION = 5.0;
				TARGETED_DEVICE_FAMILY = "1,2";
				TEST_HOST = "$(BUILT_PRODUCTS_DIR)/FlightRecorder.app/FlightRecorder";
			};
			name = Release;
		};
/* End XCBuildConfiguration section */

/* Begin XCConfigurationList section */
		DF5DC6662835436E00ABD8DB /* Build configuration list for PBXProject "FlightRecorder" */ = {
			isa = XCConfigurationList;
			buildConfigurations = (
				DF5DC6922835437000ABD8DB /* Debug */,
				DF5DC6932835437000ABD8DB /* Release */,
			);
			defaultConfigurationIsVisible = 0;
			defaultConfigurationName = Release;
		};
		DF5DC6942835437000ABD8DB /* Build configuration list for PBXNativeTarget "FlightRecorder" */ = {
			isa = XCConfigurationList;
			buildConfigurations = (
				DF5DC6952835437000ABD8DB /* Debug */,
				DF5DC6962835437000ABD8DB /* Release */,
			);
			defaultConfigurationIsVisible = 0;
			defaultConfigurationName = Release;
		};
		DF5DC6972835437000ABD8DB /* Build configuration list for PBXNativeTarget "FlightRecorderTests" */ = {
			isa = XCConfigurationList;
			buildConfigurations = (
				DF5DC6982835437000ABD8DB /* Debug */,
				DF5DC6992835437000ABD8DB /* Release */,
			);
			defaultConfigurationIsVisible = 0;
			defaultConfigurationName = Release;
		};
/* End XCConfigurationList section */

/* Begin XCVersionGroup section */
		DF2D74B6283546CB007F441D /* FlightRecorder.xcdatamodeld */ = {
			isa = XCVersionGroup;
			children = (
				DF2D74B7283546CB007F441D /* FlightLogbook.xcdatamodel */,
			);
			currentVersion = DF2D74B7283546CB007F441D /* FlightLogbook.xcdatamodel */;
			path = FlightRecorder.xcdatamodeld;
			sourceTree = "<group>";
			versionGroupType = wrapper.xcdatamodel;
		};
/* End XCVersionGroup section */
	};
	rootObject = DF5DC6632835436E00ABD8DB /* Project object */;
}
